[ "cowboy": {:git, "git://github.com/extend/cowboy.git", "5a25c7f7f2167b8cef03129553e56f422a9890f2", []},
  "cowlib": {:git, "git://github.com/extend/cowlib.git", "63298e8e160031a70efff86a1acde7e7db1fcda6", [{:ref, "0.4.0"}]},
  "dynamo": {:git, "git://github.com/elixir-lang/dynamo.git", "c7aaad09f1f98f37b6804ab0bf8bf6ee2cce8da2", []},
  "ecto": {:git, "git://github.com/elixir-lang/ecto.git", "6f83161a10f7b43ba63a16acf7ee447c5b8a5706", [{:branch, "master"}]},
  "httpotion": {:git, "git://github.com/benwilson512/httpotion.git", "0aae8d251bfc717d6973fa5a26c2d3aebb835061", [{:branch, "master"}]},
  "ibrowse": {:git, "git://github.com/cmullaparthi/ibrowse.git", "2e13b63788f48934ab9b075b9d741bfa814d0d6d", []},
  "json": {:git, "git://github.com/cblage/elixir-json.git", "9b55d6439ce61d7712a1218766c5cfffe011d070", []},
  "mimetypes": {:git, "git://github.com/spawngrid/mimetypes.git", "47d37a977a7d633199822bf6b08353007483d00f", []},
  "poolboy": {:git, "git://github.com/devinus/poolboy.git", "c2c939b51aba06790ca51fa78b14c254a6ea977d", []},
  "postgrex": {:git, "git://github.com/ericmj/postgrex.git", "2683fb09c46a1ad7a6d662912994690961b8cca8", []},
  "ranch": {:git, "git://github.com/extend/ranch.git", "5df1f222f94e08abdcab7084f5e13027143cc222", [{:ref, "0.9.0"}]} ]
