[ "cowboy": {:git, "git://github.com/extend/cowboy.git", "9f33a20d9425daf7491836e73f503c206cc170be", []},
  "cowlib": {:git, "git://github.com/extend/cowlib.git", "63298e8e160031a70efff86a1acde7e7db1fcda6", [{:ref, "0.4.0"}]},
  "dynamo": {:git, "git://github.com/elixir-lang/dynamo.git", "055b4bfc0cf39a6fe8cbb51397b5f2477169e24f", [{:branch, "master"}]},
  "ecto": {:git, "git://github.com/elixir-lang/ecto.git", "3e23e6ccc10a6993e18139a7617c6275100ab4e3", [{:branch, "master"}]},
  "exactor": {:git, "git://github.com/sasa1977/exactor.git", "573baa559d074375900e686fc921c86fb60b1ff1", []},
  "httpotion": {:git, "git://github.com/myfreeweb/httpotion.git", "f41ad7b86cf0de5ce2830323290b30f55df17f17", [{:branch, "master"}]},
  "ibrowse": {:git, "git://github.com/cmullaparthi/ibrowse.git", "d824491d37449763ac44398f8494731e0c1418c1", []},
  "json": {:git, "git://github.com/cblage/elixir-json.git", "a16a82805771b99fab5b567eb3678bca1dce424e", []},
  "mimetypes": {:git, "git://github.com/spawngrid/mimetypes.git", "47d37a977a7d633199822bf6b08353007483d00f", []},
  "poolboy": {:git, "git://github.com/devinus/poolboy.git", "c2c939b51aba06790ca51fa78b14c254a6ea977d", []},
  "postgrex": {:git, "git://github.com/ericmj/postgrex.git", "a412bf917b291a69d945b89eab1cea2cdedc3faa", []},
  "ranch": {:git, "git://github.com/extend/ranch.git", "5df1f222f94e08abdcab7084f5e13027143cc222", [{:ref, "0.9.0"}]} ]
